
Microsoft Visual Studio Solution File, Format Version 12.00
# Visual Studio Version 17
VisualStudioVersion = 17.9.34607.119
MinimumVisualStudioVersion = 10.0.40219.1
Project("{FAE04EC0-301F-11D3-BF4B-00C04F79EFBC}") = "CarRentalApi", "CarRentalApi\CarRentalApi.csproj", "{5FD83E11-909A-46A7-8634-3BD08AD034CD}"
EndProject
Global
	GlobalSection(SolutionConfigurationPlatforms) = preSolution
		Debug|Any CPU = Debug|Any CPU
		Release|Any CPU = Release|Any CPU
	EndGlobalSection
	GlobalSection(ProjectConfigurationPlatforms) = postSolution
		{5FD83E11-909A-46A7-8634-3BD08AD034CD}.Debug|Any CPU.ActiveCfg = Debug|Any CPU
		{5FD83E11-909A-46A7-8634-3BD08AD034CD}.Debug|Any CPU.Build.0 = Debug|Any CPU
		{5FD83E11-909A-46A7-8634-3BD08AD034CD}.Release|Any CPU.ActiveCfg = Release|Any CPU
		{5FD83E11-909A-46A7-8634-3BD08AD034CD}.Release|Any CPU.Build.0 = Release|Any CPU
	EndGlobalSection
	GlobalSection(SolutionProperties) = preSolution
		HideSolutionNode = FALSE
	EndGlobalSection
	GlobalSection(ExtensibilityGlobals) = postSolution
		SolutionGuid = {E5E7A63B-6C5D-47B4-B0FB-CADD8DF3A77F}
	EndGlobalSection
EndGlobal
